
Microsoft Visual Studio Solution File, Format Version 12.00
# Visual Studio Version 16
VisualStudioVersion = 16.0.31410.357
MinimumVisualStudioVersion = 10.0.40219.1
Project("{FAE04EC0-301F-11D3-BF4B-00C04F79EFBC}") = "TestCreditSuisse", "TestCreditSuisse\TestCreditSuisse.csproj", "{B1A7D17F-95B5-40BF-9EB2-BD52DF859EA9}"
EndProject
Global
	GlobalSection(SolutionConfigurationPlatforms) = preSolution
		Debug|Any CPU = Debug|Any CPU
		Release|Any CPU = Release|Any CPU
	EndGlobalSection
	GlobalSection(ProjectConfigurationPlatforms) = postSolution
		{B1A7D17F-95B5-40BF-9EB2-BD52DF859EA9}.Debug|Any CPU.ActiveCfg = Debug|Any CPU
		{B1A7D17F-95B5-40BF-9EB2-BD52DF859EA9}.Debug|Any CPU.Build.0 = Debug|Any CPU
		{B1A7D17F-95B5-40BF-9EB2-BD52DF859EA9}.Release|Any CPU.ActiveCfg = Release|Any CPU
		{B1A7D17F-95B5-40BF-9EB2-BD52DF859EA9}.Release|Any CPU.Build.0 = Release|Any CPU
	EndGlobalSection
	GlobalSection(SolutionProperties) = preSolution
		HideSolutionNode = FALSE
	EndGlobalSection
	GlobalSection(ExtensibilityGlobals) = postSolution
		SolutionGuid = {DE3F3DA6-B37E-4302-91E1-74DF6CCB2D93}
	EndGlobalSection
EndGlobal
